
Microsoft Visual Studio Solution File, Format Version 12.00
# Visual Studio Version 16
VisualStudioVersion = 16.0.34601.136
MinimumVisualStudioVersion = 10.0.40219.1
Project("{FAE04EC0-301F-11D3-BF4B-00C04F79EFBC}") = "K22CNT4-Project2-PhamThiThuHuyen", "K22CNT4-Project2-PhamThiThuHuyen.csproj", "{CCEE3D8D-F196-4EC4-88C4-E400E74E771F}"
EndProject
Global
	GlobalSection(SolutionConfigurationPlatforms) = preSolution
		Debug|Any CPU = Debug|Any CPU
		Release|Any CPU = Release|Any CPU
	EndGlobalSection
	GlobalSection(ProjectConfigurationPlatforms) = postSolution
		{CCEE3D8D-F196-4EC4-88C4-E400E74E771F}.Debug|Any CPU.ActiveCfg = Debug|Any CPU
		{CCEE3D8D-F196-4EC4-88C4-E400E74E771F}.Debug|Any CPU.Build.0 = Debug|Any CPU
		{CCEE3D8D-F196-4EC4-88C4-E400E74E771F}.Release|Any CPU.ActiveCfg = Release|Any CPU
		{CCEE3D8D-F196-4EC4-88C4-E400E74E771F}.Release|Any CPU.Build.0 = Release|Any CPU
	EndGlobalSection
	GlobalSection(SolutionProperties) = preSolution
		HideSolutionNode = FALSE
	EndGlobalSection
	GlobalSection(ExtensibilityGlobals) = postSolution
		SolutionGuid = {EC4181B3-FDC7-4540-85BF-F4C586AAA468}
	EndGlobalSection
EndGlobal
